<?xml version="1.0" encoding="utf-8"?>
<Project ToolsVersion="4.0" xmlns="http://schemas.microsoft.com/developer/msbuild/2003">
  <ItemGroup>
    <Filter Include="Source Files">
      <UniqueIdentifier>{4FC737F1-C7A5-4376-A066-2A32D752A2FF}</UniqueIdentifier>
      <Extensions>cpp;c;cc;cxx;def;odl;idl;hpj;bat;asm;asmx</Extensions>
    </Filter>
    <Filter Include="Header Files">
      <UniqueIdentifier>{93995380-89BD-4b04-88EB-625FBE52EBFB}</UniqueIdentifier>
      <Extensions>h;hpp;hxx;hm;inl;inc;xsd</Extensions>
    </Filter>
    <Filter Include="Resource Files">
      <UniqueIdentifier>{67DA6AB6-F800-4c08-8B7A-83BB121AAD01}</UniqueIdentifier>
      <Extensions>rc;ico;cur;bmp;dlg;rc2;rct;bin;rgs;gif;jpg;jpeg;jpe;resx;tiff;tif;png;wav;mfcribbon-ms</Extensions>
    </Filter>
  </ItemGroup>
  <ItemGroup>
    <ClCompile Include="lib\bgi\bgiout.cxx">
      <Filter>Source Files</Filter>
    </ClCompile>
    <ClCompile Include="lib\bgi\winthread.cxx">
      <Filter>Source Files</Filter>
    </ClCompile>
    <ClCompile Include="lib\bgi\drawing.cxx">
      <Filter>Source Files</Filter>
    </ClCompile>
    <ClCompile Include="lib\bgi\misc.cxx">
      <Filter>Source Files</Filter>
    </ClCompile>
    <ClCompile Include="lib\bgi\palette.cxx">
      <Filter>Source Files</Filter>
    </ClCompile>
    <ClCompile Include="lib\bgi\text.cxx">
      <Filter>Source Files</Filter>
    </ClCompile>
    <ClCompile Include="lib\bgi\mouse.cxx">
      <Filter>Source Files</Filter>
    </ClCompile>
    <ClCompile Include="lib\bgi\winbgi.cxx">
      <Filter>Source Files</Filter>
    </ClCompile>
    <ClCompile Include="lib\bgi\file.cxx">
      <Filter>Source Files</Filter>
    </ClCompile>
    <ClCompile Include="lib\bgi\dibutil.cxx">
      <Filter>Source Files</Filter>
    </ClCompile>
    <ClCompile Include="lib\bgi\main.cxx">
      <Filter>Source Files</Filter>
    </ClCompile>
    <ClCompile Include="src\main.cpp">
      <Filter>Source Files</Filter>
    </ClCompile>
  </ItemGroup>
  <ItemGroup>
    <ClInclude Include="lib\bgi\winbgim.h">
      <Filter>Header Files</Filter>
    </ClInclude>
    <ClInclude Include="lib\bgi\winbgitypes.h">
      <Filter>Header Files</Filter>
    </ClInclude>
    <ClInclude Include="lib\bgi\graphics.h">
      <Filter>Header Files</Filter>
    </ClInclude>
    <ClInclude Include="lib\bgi\winbgi.h">
      <Filter>Header Files</Filter>
    </ClInclude>
    <ClInclude Include="lib\bgi\dibutil.h">
      <Filter>Header Files</Filter>
    </ClInclude>
    <ClInclude Include="src\input.h">
      <Filter>Header Files</Filter>
    </ClInclude>
    <ClInclude Include="src\file_io.h">
      <Filter>Header Files</Filter>
    </ClInclude>
    <ClInclude Include="src\structs.h">
      <Filter>Header Files</Filter>
    </ClInclude>
    <ClInclude Include="src\object.h">
      <Filter>Header Files</Filter>
    </ClInclude>
    <ClInclude Include="src\vector_math.h">
      <Filter>Header Files</Filter>
    </ClInclude>
    <ClInclude Include="src\draw.h">
      <Filter>Header Files</Filter>
    </ClInclude>
    <ClInclude Include="src\constants.h">
      <Filter>Header Files</Filter>
    </ClInclude>
    <ClInclude Include="src\globals.h">
      <Filter>Header Files</Filter>
    </ClInclude>
    <ClInclude Include="src\menu.h">
      <Filter>Header Files</Filter>
    </ClInclude>
    <ClInclude Include="src\texture.h">
      <Filter>Header Files</Filter>
    </ClInclude>
  </ItemGroup>
  <ItemGroup>
    <Image Include="textures\cat.bmp">
      <Filter>Resource Files</Filter>
    </Image>
    <Image Include="textures\crating_table.bmp">
      <Filter>Resource Files</Filter>
    </Image>
    <Image Include="textures\dice.bmp">
      <Filter>Resource Files</Filter>
    </Image>
    <Image Include="textures\dirt.bmp">
      <Filter>Resource Files</Filter>
    </Image>
    <Image Include="textures\grass.bmp">
      <Filter>Resource Files</Filter>
    </Image>
    <Image Include="textures\kitty.bmp">
      <Filter>Resource Files</Filter>
    </Image>
    <Image Include="textures\leaves.bmp">
      <Filter>Resource Files</Filter>
    </Image>
    <Image Include="textures\log.bmp">
      <Filter>Resource Files</Filter>
    </Image>
  </ItemGroup>
  <ItemGroup>
    <None Include="scenes\minecraft.tri" />
    <None Include="scenes\camera_test.tri" />
  </ItemGroup>
</Project>